
Microsoft Visual Studio Solution File, Format Version 12.00
# Visual Studio 2013
VisualStudioVersion = 12.0.30723.0
MinimumVisualStudioVersion = 10.0.40219.1
Project("{FAE04EC0-301F-11D3-BF4B-00C04F79EFBC}") = "DAL", "DAL\DAL.csproj", "{7EE6DAEA-EA23-44A6-BBD1-7783BBB946E2}"
EndProject
Project("{FAE04EC0-301F-11D3-BF4B-00C04F79EFBC}") = "DataMigration", "DataMigration\DataMigration.csproj", "{C2CC671B-DA9F-433B-8D2E-B1E788E39F0E}"
EndProject
Project("{FAE04EC0-301F-11D3-BF4B-00C04F79EFBC}") = "MigrationDB", "MigrationDB\MigrationDB.csproj", "{2C556EE3-27C7-44A4-BA23-A0FBB7F05FBB}"
EndProject
Project("{FAE04EC0-301F-11D3-BF4B-00C04F79EFBC}") = "DocumentDB", "DocumentDB\DocumentDB.csproj", "{9445562D-F17E-49F4-BE34-2693CF290A73}"
EndProject
Global
	GlobalSection(SolutionConfigurationPlatforms) = preSolution
		Debug|Any CPU = Debug|Any CPU
		Release|Any CPU = Release|Any CPU
	EndGlobalSection
	GlobalSection(ProjectConfigurationPlatforms) = postSolution
		{7EE6DAEA-EA23-44A6-BBD1-7783BBB946E2}.Debug|Any CPU.ActiveCfg = Debug|Any CPU
		{7EE6DAEA-EA23-44A6-BBD1-7783BBB946E2}.Debug|Any CPU.Build.0 = Debug|Any CPU
		{7EE6DAEA-EA23-44A6-BBD1-7783BBB946E2}.Release|Any CPU.ActiveCfg = Release|Any CPU
		{7EE6DAEA-EA23-44A6-BBD1-7783BBB946E2}.Release|Any CPU.Build.0 = Release|Any CPU
		{C2CC671B-DA9F-433B-8D2E-B1E788E39F0E}.Debug|Any CPU.ActiveCfg = Debug|Any CPU
		{C2CC671B-DA9F-433B-8D2E-B1E788E39F0E}.Debug|Any CPU.Build.0 = Debug|Any CPU
		{C2CC671B-DA9F-433B-8D2E-B1E788E39F0E}.Release|Any CPU.ActiveCfg = Release|Any CPU
		{C2CC671B-DA9F-433B-8D2E-B1E788E39F0E}.Release|Any CPU.Build.0 = Release|Any CPU
		{2C556EE3-27C7-44A4-BA23-A0FBB7F05FBB}.Debug|Any CPU.ActiveCfg = Debug|Any CPU
		{2C556EE3-27C7-44A4-BA23-A0FBB7F05FBB}.Debug|Any CPU.Build.0 = Debug|Any CPU
		{2C556EE3-27C7-44A4-BA23-A0FBB7F05FBB}.Release|Any CPU.ActiveCfg = Release|Any CPU
		{2C556EE3-27C7-44A4-BA23-A0FBB7F05FBB}.Release|Any CPU.Build.0 = Release|Any CPU
		{9445562D-F17E-49F4-BE34-2693CF290A73}.Debug|Any CPU.ActiveCfg = Debug|Any CPU
		{9445562D-F17E-49F4-BE34-2693CF290A73}.Debug|Any CPU.Build.0 = Debug|Any CPU
		{9445562D-F17E-49F4-BE34-2693CF290A73}.Release|Any CPU.ActiveCfg = Release|Any CPU
		{9445562D-F17E-49F4-BE34-2693CF290A73}.Release|Any CPU.Build.0 = Release|Any CPU
	EndGlobalSection
	GlobalSection(SolutionProperties) = preSolution
		HideSolutionNode = FALSE
	EndGlobalSection
EndGlobal
